// !$*UTF8*$!
{
	archiveVersion = 1;
	classes = {
	};
	objectVersion = 46;
	objects = {

/* Begin PBXBuildFile section */
		92FAC80F1BE9567700FF2AEE /* AppDelegate.swift in Sources */ = {isa = PBXBuildFile; fileRef = 92FAC80E1BE9567700FF2AEE /* AppDelegate.swift */; };
		92FAC8111BE9567700FF2AEE /* ViewController.swift in Sources */ = {isa = PBXBuildFile; fileRef = 92FAC8101BE9567700FF2AEE /* ViewController.swift */; };
		92FAC8141BE9567700FF2AEE /* Main.storyboard in Resources */ = {isa = PBXBuildFile; fileRef = 92FAC8121BE9567700FF2AEE /* Main.storyboard */; };
		92FAC8161BE9567700FF2AEE /* Assets.xcassets in Resources */ = {isa = PBXBuildFile; fileRef = 92FAC8151BE9567700FF2AEE /* Assets.xcassets */; };
		92FAC8191BE9567700FF2AEE /* LaunchScreen.storyboard in Resources */ = {isa = PBXBuildFile; fileRef = 92FAC8171BE9567700FF2AEE /* LaunchScreen.storyboard */; };
/* End PBXBuildFile section */

/* Begin PBXFileReference section */
		92FAC80B1BE9567700FF2AEE /* Timeline.app */ = {isa = PBXFileReference; explicitFileType = wrapper.application; includeInIndex = 0; path = Timeline.app; sourceTree = BUILT_PRODUCTS_DIR; };
		92FAC80E1BE9567700FF2AEE /* AppDelegate.swift */ = {isa = PBXFileReference; lastKnownFileType = sourcecode.swift; path = AppDelegate.swift; sourceTree = "<group>"; };
		92FAC8101BE9567700FF2AEE /* ViewController.swift */ = {isa = PBXFileReference; lastKnownFileType = sourcecode.swift; path = ViewController.swift; sourceTree = "<group>"; };
		92FAC8131BE9567700FF2AEE /* Base */ = {isa = PBXFileReference; lastKnownFileType = file.storyboard; name = Base; path = Base.lproj/Main.storyboard; sourceTree = "<group>"; };
		92FAC8151BE9567700FF2AEE /* Assets.xcassets */ = {isa = PBXFileReference; lastKnownFileType = folder.assetcatalog; path = Assets.xcassets; sourceTree = "<group>"; };
		92FAC8181BE9567700FF2AEE /* Base */ = {isa = PBXFileReference; lastKnownFileType = file.storyboard; name = Base; path = Base.lproj/LaunchScreen.storyboard; sourceTree = "<group>"; };
		92FAC81A1BE9567700FF2AEE /* Info.plist */ = {isa = PBXFileReference; lastKnownFileType = text.plist.xml; path = Info.plist; sourceTree = "<group>"; };
/* End PBXFileReference section */

/* Begin PBXFrameworksBuildPhase section */
		92FAC8081BE9567700FF2AEE /* Frameworks */ = {
			isa = PBXFrameworksBuildPhase;
			buildActionMask = 2147483647;
			files = (
			);
			runOnlyForDeploymentPostprocessing = 0;
		};
/* End PBXFrameworksBuildPhase section */

/* Begin PBXGroup section */
		92FAC8021BE9567700FF2AEE = {
			isa = PBXGroup;
			children = (
				92FAC80D1BE9567700FF2AEE /* Timeline */,
				92FAC80C1BE9567700FF2AEE /* Products */,
			);
			sourceTree = "<group>";
		};
		92FAC80C1BE9567700FF2AEE /* Products */ = {
			isa = PBXGroup;
			children = (
				92FAC80B1BE9567700FF2AEE /* Timeline.app */,
			);
			name = Products;
			sourceTree = "<group>";
		};
		92FAC80D1BE9567700FF2AEE /* Timeline */ = {
			isa = PBXGroup;
			children = (
				92FAC80E1BE9567700FF2AEE /* AppDelegate.swift */,
				92FAC8101BE9567700FF2AEE /* ViewController.swift */,
				92FAC8151BE9567700FF2AEE /* Assets.xcassets */,
				92FAC8121BE9567700FF2AEE /* Main.storyboard */,
				92FAC8171BE9567700FF2AEE /* LaunchScreen.storyboard */,
				92FAC81A1BE9567700FF2AEE /* Info.plist */,
			);
			path = Timeline;
			sourceTree = "<group>";
		};
/* End PBXGroup section */

/* Begin PBXNativeTarget section */
		92FAC80A1BE9567700FF2AEE /* Timeline */ = {
			isa = PBXNativeTarget;
			buildConfigurationList = 92FAC81D1BE9567700FF2AEE /* Build configuration list for PBXNativeTarget "Timeline" */;
			buildPhases = (
				92FAC8071BE9567700FF2AEE /* Sources */,
				92FAC8081BE9567700FF2AEE /* Frameworks */,
				92FAC8091BE9567700FF2AEE /* Resources */,
			);
			buildRules = (
			);
			dependencies = (
			);
			name = Timeline;
			productName = Timeline;
			productReference = 92FAC80B1BE9567700FF2AEE /* Timeline.app */;
			productType = "com.apple.product-type.application";
		};
/* End PBXNativeTarget section */

/* Begin PBXProject section */
		92FAC8031BE9567700FF2AEE /* Project object */ = {
			isa = PBXProject;
			attributes = {
				LastSwiftUpdateCheck = 0710;
				LastUpgradeCheck = 0710;
				ORGANIZATIONNAME = NobleZ;
				TargetAttributes = {
					92FAC80A1BE9567700FF2AEE = {
						CreatedOnToolsVersion = 7.1;
						DevelopmentTeam = 83CEPW38FM;
					};
				};
			};
			buildConfigurationList = 92FAC8061BE9567700FF2AEE /* Build configuration list for PBXProject "Timeline" */;
			compatibilityVersion = "Xcode 3.2";
			developmentRegion = English;
			hasScannedForEncodings = 0;
			knownRegions = (
				en,
				Base,
			);
			mainGroup = 92FAC8021BE9567700FF2AEE;
			productRefGroup = 92FAC80C1BE9567700FF2AEE /* Products */;
			projectDirPath = "";
			projectRoot = "";
			targets = (
				92FAC80A1BE9567700FF2AEE /* Timeline */,
			);
		};
/* End PBXProject section */

/* Begin PBXResourcesBuildPhase section */
		92FAC8091BE9567700FF2AEE /* Resources */ = {
			isa = PBXResourcesBuildPhase;
			buildActionMask = 2147483647;
			files = (
				92FAC8191BE9567700FF2AEE /* LaunchScreen.storyboard in Resources */,
				92FAC8161BE9567700FF2AEE /* Assets.xcassets in Resources */,
				92FAC8141BE9567700FF2AEE /* Main.storyboard in Resources */,
			);
			runOnlyForDeploymentPostprocessing = 0;
		};
/* End PBXResourcesBuildPhase section */

/* Begin PBXSourcesBuildPhase section */
		92FAC8071BE9567700FF2AEE /* Sources */ = {
			isa = PBXSourcesBuildPhase;
			buildActionMask = 2147483647;
			files = (
				92FAC8111BE9567700FF2AEE /* ViewController.swift in Sources */,
				92FAC80F1BE9567700FF2AEE /* AppDelegate.swift in Sources */,
			);
			runOnlyForDeploymentPostprocessing = 0;
		};
/* End PBXSourcesBuildPhase section */

/* Begin PBXVariantGroup section */
		92FAC8121BE9567700FF2AEE /* Main.storyboard */ = {
			isa = PBXVariantGroup;
			children = (
				92FAC8131BE9567700FF2AEE /* Base */,
			);
			name = Main.storyboard;
			sourceTree = "<group>";
		};
		92FAC8171BE9567700FF2AEE /* LaunchScreen.storyboard */ = {
			isa = PBXVariantGroup;
			children = (
				92FAC8181BE9567700FF2AEE /* Base */,
			);
			name = LaunchScreen.storyboard;
			sourceTree = "<group>";
		};
/* End PBXVariantGroup section */

/* Begin XCBuildConfiguration section */
		92FAC81B1BE9567700FF2AEE /* Debug */ = {
			isa = XCBuildConfiguration;
			buildSettings = {
				ALWAYS_SEARCH_USER_PATHS = NO;
				CLANG_CXX_LANGUAGE_STANDARD = "gnu++0x";
				CLANG_CXX_LIBRARY = "libc++";
				CLANG_ENABLE_MODULES = YES;
				CLANG_ENABLE_OBJC_ARC = YES;
				CLANG_WARN_BOOL_CONVERSION = YES;
				CLANG_WARN_CONSTANT_CONVERSION = YES;
				CLANG_WARN_DIRECT_OBJC_ISA_USAGE = YES_ERROR;
				CLANG_WARN_EMPTY_BODY = YES;
				CLANG_WARN_ENUM_CONVERSION = YES;
				CLANG_WARN_INT_CONVERSION = YES;
				CLANG_WARN_OBJC_ROOT_CLASS = YES_ERROR;
				CLANG_WARN_UNREACHABLE_CODE = YES;
				CLANG_WARN__DUPLICATE_METHOD_MATCH = YES;
				"CODE_SIGN_IDENTITY[sdk=iphoneos*]" = "iPhone Developer";
				COPY_PHASE_STRIP = NO;
				DEBUG_INFORMATION_FORMAT = dwarf;
				ENABLE_STRICT_OBJC_MSGSEND = YES;
				ENABLE_TESTABILITY = YES;
				GCC_C_LANGUAGE_STANDARD = gnu99;
				GCC_DYNAMIC_NO_PIC = NO;
				GCC_NO_COMMON_BLOCKS = YES;
				GCC_OPTIMIZATION_LEVEL = 0;
				GCC_PREPROCESSOR_DEFINITIONS = (
					"DEBUG=1",
					"$(inherited)",
				);
				GCC_WARN_64_TO_32_BIT_CONVERSION = YES;
				GCC_WARN_ABOUT_RETURN_TYPE = YES_ERROR;
				GCC_WARN_UNDECLARED_SELECTOR = YES;
				GCC_WARN_UNINITIALIZED_AUTOS = YES_AGGRESSIVE;
				GCC_WARN_UNUSED_FUNCTION = YES;
				GCC_WARN_UNUSED_VARIABLE = YES;
				IPHONEOS_DEPLOYMENT_TARGET = 9.1;
				MTL_ENABLE_DEBUG_INFO = YES;
				ONLY_ACTIVE_ARCH = YES;
				SDKROOT = iphoneos;
				SWIFT_OPTIMIZATION_LEVEL = "-Onone";
				TARGETED_DEVICE_FAMILY = "1,2";
			};
			name = Debug;
		};
		92FAC81C1BE9567700FF2AEE /* Release */ = {
			isa = XCBuildConfiguration;
			buildSettings = {
				ALWAYS_SEARCH_USER_PATHS = NO;
				CLANG_CXX_LANGUAGE_STANDARD = "gnu++0x";
				CLANG_CXX_LIBRARY = "libc++";
				CLANG_ENABLE_MODULES = YES;
				CLANG_ENABLE_OBJC_ARC = YES;
				CLANG_WARN_BOOL_CONVERSION = YES;
				CLANG_WARN_CONSTANT_CONVERSION = YES;
				CLANG_WARN_DIRECT_OBJC_ISA_USAGE = YES_ERROR;
				CLANG_WARN_EMPTY_BODY = YES;
				CLANG_WARN_ENUM_CONVERSION = YES;
				CLANG_WARN_INT_CONVERSION = YES;
				CLANG_WARN_OBJC_ROOT_CLASS = YES_ERROR;
				CLANG_WARN_UNREACHABLE_CODE = YES;
				CLANG_WARN__DUPLICATE_METHOD_MATCH = YES;
				"CODE_SIGN_IDENTITY[sdk=iphoneos*]" = "iPhone Developer";
				COPY_PHASE_STRIP = NO;
				DEBUG_INFORMATION_FORMAT = "dwarf-with-dsym";
				ENABLE_NS_ASSERTIONS = NO;
				ENABLE_STRICT_OBJC_MSGSEND = YES;
				GCC_C_LANGUAGE_STANDARD = gnu99;
				GCC_NO_COMMON_BLOCKS = YES;
				GCC_WARN_64_TO_32_BIT_CONVERSION = YES;
				GCC_WARN_ABOUT_RETURN_TYPE = YES_ERROR;
				GCC_WARN_UNDECLARED_SELECTOR = YES;
				GCC_WARN_UNINITIALIZED_AUTOS = YES_AGGRESSIVE;
				GCC_WARN_UNUSED_FUNCTION = YES;
				GCC_WARN_UNUSED_VARIABLE = YES;
				IPHONEOS_DEPLOYMENT_TARGET = 9.1;
				MTL_ENABLE_DEBUG_INFO = NO;
				SDKROOT = iphoneos;
				TARGETED_DEVICE_FAMILY = "1,2";
				VALIDATE_PRODUCT = YES;
			};
			name = Release;
		};
		92FAC81E1BE9567700FF2AEE /* Debug */ = {
			isa = XCBuildConfiguration;
			buildSettings = {
				ASSETCATALOG_COMPILER_APPICON_NAME = AppIcon;
				INFOPLIST_FILE = Timeline/Info.plist;
				LD_RUNPATH_SEARCH_PATHS = "$(inherited) @executable_path/Frameworks";
				PRODUCT_BUNDLE_IDENTIFIER = Noble.Timeline;
				PRODUCT_NAME = "$(TARGET_NAME)";
			};
			name = Debug;
		};
		92FAC81F1BE9567700FF2AEE /* Release */ = {
			isa = XCBuildConfiguration;
			buildSettings = {
				ASSETCATALOG_COMPILER_APPICON_NAME = AppIcon;
				INFOPLIST_FILE = Timeline/Info.plist;
				LD_RUNPATH_SEARCH_PATHS = "$(inherited) @executable_path/Frameworks";
				PRODUCT_BUNDLE_IDENTIFIER = Noble.Timeline;
				PRODUCT_NAME = "$(TARGET_NAME)";
			};
			name = Release;
		};
/* End XCBuildConfiguration section */

/* Begin XCConfigurationList section */
		92FAC8061BE9567700FF2AEE /* Build configuration list for PBXProject "Timeline" */ = {
			isa = XCConfigurationList;
			buildConfigurations = (
				92FAC81B1BE9567700FF2AEE /* Debug */,
				92FAC81C1BE9567700FF2AEE /* Release */,
			);
			defaultConfigurationIsVisible = 0;
			defaultConfigurationName = Release;
		};
		92FAC81D1BE9567700FF2AEE /* Build configuration list for PBXNativeTarget "Timeline" */ = {
			isa = XCConfigurationList;
			buildConfigurations = (
				92FAC81E1BE9567700FF2AEE /* Debug */,
				92FAC81F1BE9567700FF2AEE /* Release */,
			);
			defaultConfigurationIsVisible = 0;
		};
/* End XCConfigurationList section */
	};
	rootObject = 92FAC8031BE9567700FF2AEE /* Project object */;
}
